
Microsoft Visual Studio Solution File, Format Version 12.00
# Visual Studio 15
VisualStudioVersion = 15.0.26124.0
MinimumVisualStudioVersion = 15.0.26124.0
Project("{2150E333-8FDC-42A3-9474-1A3956D46DE8}") = "src", "src", "{10BA3C09-94DC-41E3-9DCF-3E38E5FC1126}"
EndProject
Project("{FAE04EC0-301F-11D3-BF4B-00C04F79EFBC}") = "ODMIdentity.Admin", "src\ODMIdentity.Admin\ODMIdentity.Admin.csproj", "{575C4FB1-7F20-4D7E-BA61-062F1C320E15}"
EndProject
Project("{FAE04EC0-301F-11D3-BF4B-00C04F79EFBC}") = "ODMIdentity.STS.Identity", "src\ODMIdentity.STS.Identity\ODMIdentity.STS.Identity.csproj", "{9DB56C55-E4F2-4A75-8F84-5A7364D209DB}"
EndProject
Project("{FAE04EC0-301F-11D3-BF4B-00C04F79EFBC}") = "ODMIdentity.Admin.Api", "src\ODMIdentity.Admin.Api\ODMIdentity.Admin.Api.csproj", "{8CA6DDF5-C567-4C6E-BB2F-53E5F1F109D7}"
EndProject
Project("{FAE04EC0-301F-11D3-BF4B-00C04F79EFBC}") = "ODMIdentity.Admin.EntityFramework.Shared", "src\ODMIdentity.Admin.EntityFramework.Shared\ODMIdentity.Admin.EntityFramework.Shared.csproj", "{AAA0DFEE-BCE3-407E-8767-10A3559DA329}"
EndProject
Global
	GlobalSection(SolutionConfigurationPlatforms) = preSolution
		Debug|Any CPU = Debug|Any CPU
		Debug|x64 = Debug|x64
		Debug|x86 = Debug|x86
		Release|Any CPU = Release|Any CPU
		Release|x64 = Release|x64
		Release|x86 = Release|x86
	EndGlobalSection
	GlobalSection(SolutionProperties) = preSolution
		HideSolutionNode = FALSE
	EndGlobalSection
	GlobalSection(ProjectConfigurationPlatforms) = postSolution
		{575C4FB1-7F20-4D7E-BA61-062F1C320E15}.Debug|Any CPU.ActiveCfg = Debug|Any CPU
		{575C4FB1-7F20-4D7E-BA61-062F1C320E15}.Debug|Any CPU.Build.0 = Debug|Any CPU
		{575C4FB1-7F20-4D7E-BA61-062F1C320E15}.Debug|x64.ActiveCfg = Debug|Any CPU
		{575C4FB1-7F20-4D7E-BA61-062F1C320E15}.Debug|x64.Build.0 = Debug|Any CPU
		{575C4FB1-7F20-4D7E-BA61-062F1C320E15}.Debug|x86.ActiveCfg = Debug|Any CPU
		{575C4FB1-7F20-4D7E-BA61-062F1C320E15}.Debug|x86.Build.0 = Debug|Any CPU
		{575C4FB1-7F20-4D7E-BA61-062F1C320E15}.Release|Any CPU.ActiveCfg = Release|Any CPU
		{575C4FB1-7F20-4D7E-BA61-062F1C320E15}.Release|Any CPU.Build.0 = Release|Any CPU
		{575C4FB1-7F20-4D7E-BA61-062F1C320E15}.Release|x64.ActiveCfg = Release|Any CPU
		{575C4FB1-7F20-4D7E-BA61-062F1C320E15}.Release|x64.Build.0 = Release|Any CPU
		{575C4FB1-7F20-4D7E-BA61-062F1C320E15}.Release|x86.ActiveCfg = Release|Any CPU
		{575C4FB1-7F20-4D7E-BA61-062F1C320E15}.Release|x86.Build.0 = Release|Any CPU
		{9DB56C55-E4F2-4A75-8F84-5A7364D209DB}.Debug|Any CPU.ActiveCfg = Debug|Any CPU
		{9DB56C55-E4F2-4A75-8F84-5A7364D209DB}.Debug|Any CPU.Build.0 = Debug|Any CPU
		{9DB56C55-E4F2-4A75-8F84-5A7364D209DB}.Debug|x64.ActiveCfg = Debug|Any CPU
		{9DB56C55-E4F2-4A75-8F84-5A7364D209DB}.Debug|x64.Build.0 = Debug|Any CPU
		{9DB56C55-E4F2-4A75-8F84-5A7364D209DB}.Debug|x86.ActiveCfg = Debug|Any CPU
		{9DB56C55-E4F2-4A75-8F84-5A7364D209DB}.Debug|x86.Build.0 = Debug|Any CPU
		{9DB56C55-E4F2-4A75-8F84-5A7364D209DB}.Release|Any CPU.ActiveCfg = Release|Any CPU
		{9DB56C55-E4F2-4A75-8F84-5A7364D209DB}.Release|Any CPU.Build.0 = Release|Any CPU
		{9DB56C55-E4F2-4A75-8F84-5A7364D209DB}.Release|x64.ActiveCfg = Release|Any CPU
		{9DB56C55-E4F2-4A75-8F84-5A7364D209DB}.Release|x64.Build.0 = Release|Any CPU
		{9DB56C55-E4F2-4A75-8F84-5A7364D209DB}.Release|x86.ActiveCfg = Release|Any CPU
		{9DB56C55-E4F2-4A75-8F84-5A7364D209DB}.Release|x86.Build.0 = Release|Any CPU
		{8CA6DDF5-C567-4C6E-BB2F-53E5F1F109D7}.Debug|Any CPU.ActiveCfg = Debug|Any CPU
		{8CA6DDF5-C567-4C6E-BB2F-53E5F1F109D7}.Debug|Any CPU.Build.0 = Debug|Any CPU
		{8CA6DDF5-C567-4C6E-BB2F-53E5F1F109D7}.Debug|x64.ActiveCfg = Debug|Any CPU
		{8CA6DDF5-C567-4C6E-BB2F-53E5F1F109D7}.Debug|x64.Build.0 = Debug|Any CPU
		{8CA6DDF5-C567-4C6E-BB2F-53E5F1F109D7}.Debug|x86.ActiveCfg = Debug|Any CPU
		{8CA6DDF5-C567-4C6E-BB2F-53E5F1F109D7}.Debug|x86.Build.0 = Debug|Any CPU
		{8CA6DDF5-C567-4C6E-BB2F-53E5F1F109D7}.Release|Any CPU.ActiveCfg = Release|Any CPU
		{8CA6DDF5-C567-4C6E-BB2F-53E5F1F109D7}.Release|Any CPU.Build.0 = Release|Any CPU
		{8CA6DDF5-C567-4C6E-BB2F-53E5F1F109D7}.Release|x64.ActiveCfg = Release|Any CPU
		{8CA6DDF5-C567-4C6E-BB2F-53E5F1F109D7}.Release|x64.Build.0 = Release|Any CPU
		{8CA6DDF5-C567-4C6E-BB2F-53E5F1F109D7}.Release|x86.ActiveCfg = Release|Any CPU
		{8CA6DDF5-C567-4C6E-BB2F-53E5F1F109D7}.Release|x86.Build.0 = Release|Any CPU
		{AAA0DFEE-BCE3-407E-8767-10A3559DA329}.Debug|Any CPU.ActiveCfg = Debug|Any CPU
		{AAA0DFEE-BCE3-407E-8767-10A3559DA329}.Debug|Any CPU.Build.0 = Debug|Any CPU
		{AAA0DFEE-BCE3-407E-8767-10A3559DA329}.Debug|x64.ActiveCfg = Debug|Any CPU
		{AAA0DFEE-BCE3-407E-8767-10A3559DA329}.Debug|x64.Build.0 = Debug|Any CPU
		{AAA0DFEE-BCE3-407E-8767-10A3559DA329}.Debug|x86.ActiveCfg = Debug|Any CPU
		{AAA0DFEE-BCE3-407E-8767-10A3559DA329}.Debug|x86.Build.0 = Debug|Any CPU
		{AAA0DFEE-BCE3-407E-8767-10A3559DA329}.Release|Any CPU.ActiveCfg = Release|Any CPU
		{AAA0DFEE-BCE3-407E-8767-10A3559DA329}.Release|Any CPU.Build.0 = Release|Any CPU
		{AAA0DFEE-BCE3-407E-8767-10A3559DA329}.Release|x64.ActiveCfg = Release|Any CPU
		{AAA0DFEE-BCE3-407E-8767-10A3559DA329}.Release|x64.Build.0 = Release|Any CPU
		{AAA0DFEE-BCE3-407E-8767-10A3559DA329}.Release|x86.ActiveCfg = Release|Any CPU
		{AAA0DFEE-BCE3-407E-8767-10A3559DA329}.Release|x86.Build.0 = Release|Any CPU
	EndGlobalSection
	GlobalSection(NestedProjects) = preSolution
		{575C4FB1-7F20-4D7E-BA61-062F1C320E15} = {10BA3C09-94DC-41E3-9DCF-3E38E5FC1126}
		{9DB56C55-E4F2-4A75-8F84-5A7364D209DB} = {10BA3C09-94DC-41E3-9DCF-3E38E5FC1126}
		{8CA6DDF5-C567-4C6E-BB2F-53E5F1F109D7} = {10BA3C09-94DC-41E3-9DCF-3E38E5FC1126}
		{AAA0DFEE-BCE3-407E-8767-10A3559DA329} = {10BA3C09-94DC-41E3-9DCF-3E38E5FC1126}
	EndGlobalSection
EndGlobal
